
Microsoft Visual Studio Solution File, Format Version 12.00
# Visual Studio Version 17
VisualStudioVersion = 17.7.34031.279
MinimumVisualStudioVersion = 10.0.40219.1
Project("{FAE04EC0-301F-11D3-BF4B-00C04F79EFBC}") = "DESAFIO 04", "DESAFIO 04\DESAFIO 04.csproj", "{F1863C71-A95E-4754-B17B-0882CA4DADEE}"
EndProject
Global
	GlobalSection(SolutionConfigurationPlatforms) = preSolution
		Debug|Any CPU = Debug|Any CPU
		Release|Any CPU = Release|Any CPU
	EndGlobalSection
	GlobalSection(ProjectConfigurationPlatforms) = postSolution
		{F1863C71-A95E-4754-B17B-0882CA4DADEE}.Debug|Any CPU.ActiveCfg = Debug|Any CPU
		{F1863C71-A95E-4754-B17B-0882CA4DADEE}.Debug|Any CPU.Build.0 = Debug|Any CPU
		{F1863C71-A95E-4754-B17B-0882CA4DADEE}.Release|Any CPU.ActiveCfg = Release|Any CPU
		{F1863C71-A95E-4754-B17B-0882CA4DADEE}.Release|Any CPU.Build.0 = Release|Any CPU
	EndGlobalSection
	GlobalSection(SolutionProperties) = preSolution
		HideSolutionNode = FALSE
	EndGlobalSection
	GlobalSection(ExtensibilityGlobals) = postSolution
		SolutionGuid = {DF5FD521-7978-4615-90B9-DADBAB0BDAE0}
	EndGlobalSection
EndGlobal
