
Microsoft Visual Studio Solution File, Format Version 12.00
# Visual Studio Version 17
VisualStudioVersion = 17.7.34031.279
MinimumVisualStudioVersion = 10.0.40219.1
Project("{FAE04EC0-301F-11D3-BF4B-00C04F79EFBC}") = "DESAFIO 16", "DESAFIO 16\DESAFIO 16.csproj", "{BAD76952-88B4-4B2E-9517-CD4F27AFD8C0}"
EndProject
Global
	GlobalSection(SolutionConfigurationPlatforms) = preSolution
		Debug|Any CPU = Debug|Any CPU
		Release|Any CPU = Release|Any CPU
	EndGlobalSection
	GlobalSection(ProjectConfigurationPlatforms) = postSolution
		{BAD76952-88B4-4B2E-9517-CD4F27AFD8C0}.Debug|Any CPU.ActiveCfg = Debug|Any CPU
		{BAD76952-88B4-4B2E-9517-CD4F27AFD8C0}.Debug|Any CPU.Build.0 = Debug|Any CPU
		{BAD76952-88B4-4B2E-9517-CD4F27AFD8C0}.Release|Any CPU.ActiveCfg = Release|Any CPU
		{BAD76952-88B4-4B2E-9517-CD4F27AFD8C0}.Release|Any CPU.Build.0 = Release|Any CPU
	EndGlobalSection
	GlobalSection(SolutionProperties) = preSolution
		HideSolutionNode = FALSE
	EndGlobalSection
	GlobalSection(ExtensibilityGlobals) = postSolution
		SolutionGuid = {0BFCC6E3-24E4-4537-A240-37BF87B8DE97}
	EndGlobalSection
EndGlobal
