
Microsoft Visual Studio Solution File, Format Version 12.00
# Visual Studio Version 17
VisualStudioVersion = 17.7.34031.279
MinimumVisualStudioVersion = 10.0.40219.1
Project("{FAE04EC0-301F-11D3-BF4B-00C04F79EFBC}") = "DESAFIO 07", "DESAFIO 07\DESAFIO 07.csproj", "{C61B8DB1-881C-4CCC-A01E-4FF3975CA953}"
EndProject
Global
	GlobalSection(SolutionConfigurationPlatforms) = preSolution
		Debug|Any CPU = Debug|Any CPU
		Release|Any CPU = Release|Any CPU
	EndGlobalSection
	GlobalSection(ProjectConfigurationPlatforms) = postSolution
		{C61B8DB1-881C-4CCC-A01E-4FF3975CA953}.Debug|Any CPU.ActiveCfg = Debug|Any CPU
		{C61B8DB1-881C-4CCC-A01E-4FF3975CA953}.Debug|Any CPU.Build.0 = Debug|Any CPU
		{C61B8DB1-881C-4CCC-A01E-4FF3975CA953}.Release|Any CPU.ActiveCfg = Release|Any CPU
		{C61B8DB1-881C-4CCC-A01E-4FF3975CA953}.Release|Any CPU.Build.0 = Release|Any CPU
	EndGlobalSection
	GlobalSection(SolutionProperties) = preSolution
		HideSolutionNode = FALSE
	EndGlobalSection
	GlobalSection(ExtensibilityGlobals) = postSolution
		SolutionGuid = {D8920E6D-841F-427E-86D6-1A3F4D170741}
	EndGlobalSection
EndGlobal
