
Microsoft Visual Studio Solution File, Format Version 12.00
# Visual Studio Version 17
VisualStudioVersion = 17.7.34031.279
MinimumVisualStudioVersion = 10.0.40219.1
Project("{FAE04EC0-301F-11D3-BF4B-00C04F79EFBC}") = "DESAFIO 11", "DESAFIO 11\DESAFIO 11.csproj", "{A7AAB597-B504-4DF6-A169-C2C8B5438DEB}"
EndProject
Global
	GlobalSection(SolutionConfigurationPlatforms) = preSolution
		Debug|Any CPU = Debug|Any CPU
		Release|Any CPU = Release|Any CPU
	EndGlobalSection
	GlobalSection(ProjectConfigurationPlatforms) = postSolution
		{A7AAB597-B504-4DF6-A169-C2C8B5438DEB}.Debug|Any CPU.ActiveCfg = Debug|Any CPU
		{A7AAB597-B504-4DF6-A169-C2C8B5438DEB}.Debug|Any CPU.Build.0 = Debug|Any CPU
		{A7AAB597-B504-4DF6-A169-C2C8B5438DEB}.Release|Any CPU.ActiveCfg = Release|Any CPU
		{A7AAB597-B504-4DF6-A169-C2C8B5438DEB}.Release|Any CPU.Build.0 = Release|Any CPU
	EndGlobalSection
	GlobalSection(SolutionProperties) = preSolution
		HideSolutionNode = FALSE
	EndGlobalSection
	GlobalSection(ExtensibilityGlobals) = postSolution
		SolutionGuid = {BCAFC0A1-614C-4F45-ACFB-7F3CC4EE497D}
	EndGlobalSection
EndGlobal
