
Microsoft Visual Studio Solution File, Format Version 12.00
# Visual Studio Version 17
VisualStudioVersion = 17.7.34031.279
MinimumVisualStudioVersion = 10.0.40219.1
Project("{FAE04EC0-301F-11D3-BF4B-00C04F79EFBC}") = "DESAFIO 18", "DESAFIO 18\DESAFIO 18.csproj", "{AE361BD4-2B58-4D1D-ABC8-F448B3E6E75D}"
EndProject
Global
	GlobalSection(SolutionConfigurationPlatforms) = preSolution
		Debug|Any CPU = Debug|Any CPU
		Release|Any CPU = Release|Any CPU
	EndGlobalSection
	GlobalSection(ProjectConfigurationPlatforms) = postSolution
		{AE361BD4-2B58-4D1D-ABC8-F448B3E6E75D}.Debug|Any CPU.ActiveCfg = Debug|Any CPU
		{AE361BD4-2B58-4D1D-ABC8-F448B3E6E75D}.Debug|Any CPU.Build.0 = Debug|Any CPU
		{AE361BD4-2B58-4D1D-ABC8-F448B3E6E75D}.Release|Any CPU.ActiveCfg = Release|Any CPU
		{AE361BD4-2B58-4D1D-ABC8-F448B3E6E75D}.Release|Any CPU.Build.0 = Release|Any CPU
	EndGlobalSection
	GlobalSection(SolutionProperties) = preSolution
		HideSolutionNode = FALSE
	EndGlobalSection
	GlobalSection(ExtensibilityGlobals) = postSolution
		SolutionGuid = {0B70FAC5-F488-476E-BABF-5234CF557F97}
	EndGlobalSection
EndGlobal
