
Microsoft Visual Studio Solution File, Format Version 12.00
# Visual Studio Version 17
VisualStudioVersion = 17.7.34031.279
MinimumVisualStudioVersion = 10.0.40219.1
Project("{FAE04EC0-301F-11D3-BF4B-00C04F79EFBC}") = "DESAFIO 14", "DESAFIO 14\DESAFIO 14.csproj", "{115D19A5-DBB8-4F4E-AA22-D64DDCAB00FF}"
EndProject
Global
	GlobalSection(SolutionConfigurationPlatforms) = preSolution
		Debug|Any CPU = Debug|Any CPU
		Release|Any CPU = Release|Any CPU
	EndGlobalSection
	GlobalSection(ProjectConfigurationPlatforms) = postSolution
		{115D19A5-DBB8-4F4E-AA22-D64DDCAB00FF}.Debug|Any CPU.ActiveCfg = Debug|Any CPU
		{115D19A5-DBB8-4F4E-AA22-D64DDCAB00FF}.Debug|Any CPU.Build.0 = Debug|Any CPU
		{115D19A5-DBB8-4F4E-AA22-D64DDCAB00FF}.Release|Any CPU.ActiveCfg = Release|Any CPU
		{115D19A5-DBB8-4F4E-AA22-D64DDCAB00FF}.Release|Any CPU.Build.0 = Release|Any CPU
	EndGlobalSection
	GlobalSection(SolutionProperties) = preSolution
		HideSolutionNode = FALSE
	EndGlobalSection
	GlobalSection(ExtensibilityGlobals) = postSolution
		SolutionGuid = {D9496661-4B49-4B2C-B664-DB1FE5C37FB2}
	EndGlobalSection
EndGlobal
