
Microsoft Visual Studio Solution File, Format Version 12.00
# Visual Studio Version 17
VisualStudioVersion = 17.7.34031.279
MinimumVisualStudioVersion = 10.0.40219.1
Project("{FAE04EC0-301F-11D3-BF4B-00C04F79EFBC}") = "DESAFIO 15", "DESAFIO 15\DESAFIO 15.csproj", "{C1C0DEA7-E570-4497-AB0E-E9E67E3BB698}"
EndProject
Global
	GlobalSection(SolutionConfigurationPlatforms) = preSolution
		Debug|Any CPU = Debug|Any CPU
		Release|Any CPU = Release|Any CPU
	EndGlobalSection
	GlobalSection(ProjectConfigurationPlatforms) = postSolution
		{C1C0DEA7-E570-4497-AB0E-E9E67E3BB698}.Debug|Any CPU.ActiveCfg = Debug|Any CPU
		{C1C0DEA7-E570-4497-AB0E-E9E67E3BB698}.Debug|Any CPU.Build.0 = Debug|Any CPU
		{C1C0DEA7-E570-4497-AB0E-E9E67E3BB698}.Release|Any CPU.ActiveCfg = Release|Any CPU
		{C1C0DEA7-E570-4497-AB0E-E9E67E3BB698}.Release|Any CPU.Build.0 = Release|Any CPU
	EndGlobalSection
	GlobalSection(SolutionProperties) = preSolution
		HideSolutionNode = FALSE
	EndGlobalSection
	GlobalSection(ExtensibilityGlobals) = postSolution
		SolutionGuid = {03D91855-E5E2-4EE2-804F-8A4DC1967198}
	EndGlobalSection
EndGlobal
