
Microsoft Visual Studio Solution File, Format Version 12.00
# Visual Studio Version 17
VisualStudioVersion = 17.7.34031.279
MinimumVisualStudioVersion = 10.0.40219.1
Project("{FAE04EC0-301F-11D3-BF4B-00C04F79EFBC}") = "DESAFIO 10", "DESAFIO 10\DESAFIO 10.csproj", "{44C201DC-FC59-45FD-A3EF-D3E491076625}"
EndProject
Global
	GlobalSection(SolutionConfigurationPlatforms) = preSolution
		Debug|Any CPU = Debug|Any CPU
		Release|Any CPU = Release|Any CPU
	EndGlobalSection
	GlobalSection(ProjectConfigurationPlatforms) = postSolution
		{44C201DC-FC59-45FD-A3EF-D3E491076625}.Debug|Any CPU.ActiveCfg = Debug|Any CPU
		{44C201DC-FC59-45FD-A3EF-D3E491076625}.Debug|Any CPU.Build.0 = Debug|Any CPU
		{44C201DC-FC59-45FD-A3EF-D3E491076625}.Release|Any CPU.ActiveCfg = Release|Any CPU
		{44C201DC-FC59-45FD-A3EF-D3E491076625}.Release|Any CPU.Build.0 = Release|Any CPU
	EndGlobalSection
	GlobalSection(SolutionProperties) = preSolution
		HideSolutionNode = FALSE
	EndGlobalSection
	GlobalSection(ExtensibilityGlobals) = postSolution
		SolutionGuid = {AEAAB591-87CF-4AEB-AF39-D2BC90FC5C17}
	EndGlobalSection
EndGlobal
