
Microsoft Visual Studio Solution File, Format Version 12.00
# Visual Studio Version 17
VisualStudioVersion = 17.7.34031.279
MinimumVisualStudioVersion = 10.0.40219.1
Project("{FAE04EC0-301F-11D3-BF4B-00C04F79EFBC}") = "QUESTÃO 3", "QUESTÃO 3\QUESTÃO 3.csproj", "{BE84DD57-2868-48BC-B3C8-E212FA55A5D7}"
EndProject
Global
	GlobalSection(SolutionConfigurationPlatforms) = preSolution
		Debug|Any CPU = Debug|Any CPU
		Release|Any CPU = Release|Any CPU
	EndGlobalSection
	GlobalSection(ProjectConfigurationPlatforms) = postSolution
		{BE84DD57-2868-48BC-B3C8-E212FA55A5D7}.Debug|Any CPU.ActiveCfg = Debug|Any CPU
		{BE84DD57-2868-48BC-B3C8-E212FA55A5D7}.Debug|Any CPU.Build.0 = Debug|Any CPU
		{BE84DD57-2868-48BC-B3C8-E212FA55A5D7}.Release|Any CPU.ActiveCfg = Release|Any CPU
		{BE84DD57-2868-48BC-B3C8-E212FA55A5D7}.Release|Any CPU.Build.0 = Release|Any CPU
	EndGlobalSection
	GlobalSection(SolutionProperties) = preSolution
		HideSolutionNode = FALSE
	EndGlobalSection
	GlobalSection(ExtensibilityGlobals) = postSolution
		SolutionGuid = {54D8094A-E663-44B4-A8C4-698650375103}
	EndGlobalSection
EndGlobal
