
Microsoft Visual Studio Solution File, Format Version 12.00
# Visual Studio Version 17
VisualStudioVersion = 17.7.34031.279
MinimumVisualStudioVersion = 10.0.40219.1
Project("{FAE04EC0-301F-11D3-BF4B-00C04F79EFBC}") = "DESAFIO 13", "DESAFIO 13\DESAFIO 13.csproj", "{05EE0B96-97E0-4022-BE10-6E99D537CFD8}"
EndProject
Global
	GlobalSection(SolutionConfigurationPlatforms) = preSolution
		Debug|Any CPU = Debug|Any CPU
		Release|Any CPU = Release|Any CPU
	EndGlobalSection
	GlobalSection(ProjectConfigurationPlatforms) = postSolution
		{05EE0B96-97E0-4022-BE10-6E99D537CFD8}.Debug|Any CPU.ActiveCfg = Debug|Any CPU
		{05EE0B96-97E0-4022-BE10-6E99D537CFD8}.Debug|Any CPU.Build.0 = Debug|Any CPU
		{05EE0B96-97E0-4022-BE10-6E99D537CFD8}.Release|Any CPU.ActiveCfg = Release|Any CPU
		{05EE0B96-97E0-4022-BE10-6E99D537CFD8}.Release|Any CPU.Build.0 = Release|Any CPU
	EndGlobalSection
	GlobalSection(SolutionProperties) = preSolution
		HideSolutionNode = FALSE
	EndGlobalSection
	GlobalSection(ExtensibilityGlobals) = postSolution
		SolutionGuid = {6321DCC7-201A-404F-8B5A-5365FD817B7B}
	EndGlobalSection
EndGlobal
